
Microsoft Visual Studio Solution File, Format Version 12.00
# Visual Studio 15
VisualStudioVersion = 15.0.28307.168
MinimumVisualStudioVersion = 10.0.40219.1
Project("{FAE04EC0-301F-11D3-BF4B-00C04F79EFBC}") = "AutoMineSweeper", "AutoMineSweeper\AutoMineSweeper.csproj", "{8A841248-98BF-4DC7-A081-483A90CC477A}"
EndProject
Global
	GlobalSection(SolutionConfigurationPlatforms) = preSolution
		Debug|Any CPU = Debug|Any CPU
		Release|Any CPU = Release|Any CPU
	EndGlobalSection
	GlobalSection(ProjectConfigurationPlatforms) = postSolution
		{8A841248-98BF-4DC7-A081-483A90CC477A}.Debug|Any CPU.ActiveCfg = Debug|Any CPU
		{8A841248-98BF-4DC7-A081-483A90CC477A}.Debug|Any CPU.Build.0 = Debug|Any CPU
		{8A841248-98BF-4DC7-A081-483A90CC477A}.Release|Any CPU.ActiveCfg = Release|Any CPU
		{8A841248-98BF-4DC7-A081-483A90CC477A}.Release|Any CPU.Build.0 = Release|Any CPU
	EndGlobalSection
	GlobalSection(SolutionProperties) = preSolution
		HideSolutionNode = FALSE
	EndGlobalSection
	GlobalSection(ExtensibilityGlobals) = postSolution
		SolutionGuid = {0CB42976-9D06-440D-A5EA-0CF1D4505D59}
	EndGlobalSection
EndGlobal
